
Microsoft Visual Studio Solution File, Format Version 12.00
# Visual Studio Version 17
VisualStudioVersion = 17.5.33530.505
MinimumVisualStudioVersion = 10.0.40219.1
Project("{FAE04EC0-301F-11D3-BF4B-00C04F79EFBC}") = "LotterySimCore", "LotterySimCore.csproj", "{5322C3DA-65F0-454B-8690-AA3670570FD5}"
EndProject
Global
	GlobalSection(SolutionConfigurationPlatforms) = preSolution
		Debug|Any CPU = Debug|Any CPU
		Release|Any CPU = Release|Any CPU
	EndGlobalSection
	GlobalSection(ProjectConfigurationPlatforms) = postSolution
		{5322C3DA-65F0-454B-8690-AA3670570FD5}.Debug|Any CPU.ActiveCfg = Debug|Any CPU
		{5322C3DA-65F0-454B-8690-AA3670570FD5}.Debug|Any CPU.Build.0 = Debug|Any CPU
		{5322C3DA-65F0-454B-8690-AA3670570FD5}.Release|Any CPU.ActiveCfg = Release|Any CPU
		{5322C3DA-65F0-454B-8690-AA3670570FD5}.Release|Any CPU.Build.0 = Release|Any CPU
	EndGlobalSection
	GlobalSection(SolutionProperties) = preSolution
		HideSolutionNode = FALSE
	EndGlobalSection
	GlobalSection(ExtensibilityGlobals) = postSolution
		SolutionGuid = {CBDAF631-B6BA-4FCB-837E-C02DD7E2187B}
	EndGlobalSection
EndGlobal
